
Microsoft Visual Studio Solution File, Format Version 12.00
# Visual Studio Version 17
VisualStudioVersion = 17.11.35312.102
MinimumVisualStudioVersion = 10.0.40219.1
Project("{9A19103F-16F7-4668-BE54-9A1E7A4F7556}") = "Presentation", "Presentation\Presentation.csproj", "{74F984FD-1A31-4BAB-8984-A915EAD2AC05}"
EndProject
Project("{9A19103F-16F7-4668-BE54-9A1E7A4F7556}") = "Domain", "Domain\Domain.csproj", "{77EA0EBB-A4FB-4CDF-B48A-0A3715EE1C6E}"
EndProject
Project("{9A19103F-16F7-4668-BE54-9A1E7A4F7556}") = "Application", "Application\Application.csproj", "{E7F47319-E47E-492B-B83F-831CB900A776}"
EndProject
Project("{FAE04EC0-301F-11D3-BF4B-00C04F79EFBC}") = "Infraestructure", "Infraestructure\Infraestructure.csproj", "{06E87932-28F5-412A-B896-3C371BB0D82B}"
EndProject
Global
	GlobalSection(SolutionConfigurationPlatforms) = preSolution
		Debug|Any CPU = Debug|Any CPU
		Release|Any CPU = Release|Any CPU
	EndGlobalSection
	GlobalSection(ProjectConfigurationPlatforms) = postSolution
		{74F984FD-1A31-4BAB-8984-A915EAD2AC05}.Debug|Any CPU.ActiveCfg = Debug|Any CPU
		{74F984FD-1A31-4BAB-8984-A915EAD2AC05}.Debug|Any CPU.Build.0 = Debug|Any CPU
		{74F984FD-1A31-4BAB-8984-A915EAD2AC05}.Release|Any CPU.ActiveCfg = Release|Any CPU
		{74F984FD-1A31-4BAB-8984-A915EAD2AC05}.Release|Any CPU.Build.0 = Release|Any CPU
		{77EA0EBB-A4FB-4CDF-B48A-0A3715EE1C6E}.Debug|Any CPU.ActiveCfg = Debug|Any CPU
		{77EA0EBB-A4FB-4CDF-B48A-0A3715EE1C6E}.Debug|Any CPU.Build.0 = Debug|Any CPU
		{77EA0EBB-A4FB-4CDF-B48A-0A3715EE1C6E}.Release|Any CPU.ActiveCfg = Release|Any CPU
		{77EA0EBB-A4FB-4CDF-B48A-0A3715EE1C6E}.Release|Any CPU.Build.0 = Release|Any CPU
		{E7F47319-E47E-492B-B83F-831CB900A776}.Debug|Any CPU.ActiveCfg = Debug|Any CPU
		{E7F47319-E47E-492B-B83F-831CB900A776}.Debug|Any CPU.Build.0 = Debug|Any CPU
		{E7F47319-E47E-492B-B83F-831CB900A776}.Release|Any CPU.ActiveCfg = Release|Any CPU
		{E7F47319-E47E-492B-B83F-831CB900A776}.Release|Any CPU.Build.0 = Release|Any CPU
		{06E87932-28F5-412A-B896-3C371BB0D82B}.Debug|Any CPU.ActiveCfg = Debug|Any CPU
		{06E87932-28F5-412A-B896-3C371BB0D82B}.Debug|Any CPU.Build.0 = Debug|Any CPU
		{06E87932-28F5-412A-B896-3C371BB0D82B}.Release|Any CPU.ActiveCfg = Release|Any CPU
		{06E87932-28F5-412A-B896-3C371BB0D82B}.Release|Any CPU.Build.0 = Release|Any CPU
	EndGlobalSection
	GlobalSection(SolutionProperties) = preSolution
		HideSolutionNode = FALSE
	EndGlobalSection
	GlobalSection(ExtensibilityGlobals) = postSolution
		SolutionGuid = {63424934-CCF5-48F9-BE62-917E2C52FB5A}
	EndGlobalSection
EndGlobal
